
Microsoft Visual Studio Solution File, Format Version 12.00
# Visual Studio 15
VisualStudioVersion = 15.0.34829.251
MinimumVisualStudioVersion = 10.0.40219.1
Project("{8BC9CEB8-8B4A-11D0-8D11-00A0C91BC942}") = "ACapPlayer", "ACapPlayer\ACapPlayer.vcxproj", "{74C127A8-C54F-4C47-A550-853C2FCB35F2}"
EndProject
Project("{8BC9CEB8-8B4A-11D0-8D11-00A0C91BC942}") = "Framework", "Framework\Framework.vcxproj", "{BC0D577A-7BF4-45D9-8246-D64913D995DB}"
EndProject
Global
	GlobalSection(SolutionConfigurationPlatforms) = preSolution
		Debug|x64 = Debug|x64
		Debug|x86 = Debug|x86
		Release|x64 = Release|x64
		Release|x86 = Release|x86
	EndGlobalSection
	GlobalSection(ProjectConfigurationPlatforms) = postSolution
		{74C127A8-C54F-4C47-A550-853C2FCB35F2}.Debug|x64.ActiveCfg = Debug|x64
		{74C127A8-C54F-4C47-A550-853C2FCB35F2}.Debug|x64.Build.0 = Debug|x64
		{74C127A8-C54F-4C47-A550-853C2FCB35F2}.Debug|x86.ActiveCfg = Debug|Win32
		{74C127A8-C54F-4C47-A550-853C2FCB35F2}.Debug|x86.Build.0 = Debug|Win32
		{74C127A8-C54F-4C47-A550-853C2FCB35F2}.Release|x64.ActiveCfg = Release|x64
		{74C127A8-C54F-4C47-A550-853C2FCB35F2}.Release|x64.Build.0 = Release|x64
		{74C127A8-C54F-4C47-A550-853C2FCB35F2}.Release|x86.ActiveCfg = Release|Win32
		{74C127A8-C54F-4C47-A550-853C2FCB35F2}.Release|x86.Build.0 = Release|Win32
		{BC0D577A-7BF4-45D9-8246-D64913D995DB}.Debug|x64.ActiveCfg = Debug|x64
		{BC0D577A-7BF4-45D9-8246-D64913D995DB}.Debug|x64.Build.0 = Debug|x64
		{BC0D577A-7BF4-45D9-8246-D64913D995DB}.Debug|x86.ActiveCfg = Debug|Win32
		{BC0D577A-7BF4-45D9-8246-D64913D995DB}.Debug|x86.Build.0 = Debug|Win32
		{BC0D577A-7BF4-45D9-8246-D64913D995DB}.Release|x64.ActiveCfg = Release|x64
		{BC0D577A-7BF4-45D9-8246-D64913D995DB}.Release|x64.Build.0 = Release|x64
		{BC0D577A-7BF4-45D9-8246-D64913D995DB}.Release|x86.ActiveCfg = Release|Win32
		{BC0D577A-7BF4-45D9-8246-D64913D995DB}.Release|x86.Build.0 = Release|Win32
	EndGlobalSection
	GlobalSection(SolutionProperties) = preSolution
		HideSolutionNode = FALSE
	EndGlobalSection
	GlobalSection(ExtensibilityGlobals) = postSolution
		SolutionGuid = {06D68997-9942-443D-83F2-A9B72F9A29B4}
	EndGlobalSection
EndGlobal
